{
  "name": "uischema.org",
  "version": "1.0.0",
  "lockfileVersion": 2,
  "requires": true,
  "packages": {
    "": {
      "name": "uischema.org",
      "version": "1.0.0",
      "license": "GPL-3.0-or-later",
      "dependencies": {
        "marked": "^3.0.4"
      }
    },
    "node_modules/marked": {
      "version": "3.0.4",
      "resolved": "https://registry.npmjs.org/marked/-/marked-3.0.4.tgz",
      "integrity": "sha512-jBo8AOayNaEcvBhNobg6/BLhdsK3NvnKWJg33MAAPbvTWiG4QBn9gpW1+7RssrKu4K1dKlN+0goVQwV41xEfOA==",
      "bin": {
        "marked": "bin/marked"
      },
      "engines": {
        "node": ">= 12"
      }
    }
  },
  "dependencies": {
    "marked": {
      "version": "3.0.4",
      "resolved": "https://registry.npmjs.org/marked/-/marked-3.0.4.tgz",
      "integrity": "sha512-jBo8AOayNaEcvBhNobg6/BLhdsK3NvnKWJg33MAAPbvTWiG4QBn9gpW1+7RssrKu4K1dKlN+0goVQwV41xEfOA=="
    }
  }
}
